
Microsoft Visual Studio Solution File, Format Version 12.00
# Visual Studio Version 16
VisualStudioVersion = 16.0.30621.155
MinimumVisualStudioVersion = 10.0.40219.1
Project("{FAE04EC0-301F-11D3-BF4B-00C04F79EFBC}") = "MyFirstApp", "MyFirstApp.csproj", "{8AE78A33-5D09-4B3F-89CF-8A7A307288B6}"
EndProject
Global
	GlobalSection(SolutionConfigurationPlatforms) = preSolution
		Debug|Any CPU = Debug|Any CPU
		Release|Any CPU = Release|Any CPU
	EndGlobalSection
	GlobalSection(ProjectConfigurationPlatforms) = postSolution
		{8AE78A33-5D09-4B3F-89CF-8A7A307288B6}.Debug|Any CPU.ActiveCfg = Debug|Any CPU
		{8AE78A33-5D09-4B3F-89CF-8A7A307288B6}.Debug|Any CPU.Build.0 = Debug|Any CPU
		{8AE78A33-5D09-4B3F-89CF-8A7A307288B6}.Release|Any CPU.ActiveCfg = Release|Any CPU
		{8AE78A33-5D09-4B3F-89CF-8A7A307288B6}.Release|Any CPU.Build.0 = Release|Any CPU
	EndGlobalSection
	GlobalSection(SolutionProperties) = preSolution
		HideSolutionNode = FALSE
	EndGlobalSection
	GlobalSection(ExtensibilityGlobals) = postSolution
		SolutionGuid = {35D38EED-EF95-4E02-A80B-2F271E87EE4E}
	EndGlobalSection
EndGlobal
